
Microsoft Visual Studio Solution File, Format Version 12.00
# Visual Studio Version 17
VisualStudioVersion = 17.4.33403.182
MinimumVisualStudioVersion = 10.0.40219.1
Project("{8BC9CEB8-8B4A-11D0-8D11-00A0C91BC942}") = "14.08.2023", "14.08.2023\14.08.2023.vcxproj", "{AF689BD8-54A6-4D7C-86F0-6549244F8293}"
EndProject
Global
	GlobalSection(SolutionConfigurationPlatforms) = preSolution
		Debug|x64 = Debug|x64
		Debug|x86 = Debug|x86
		Release|x64 = Release|x64
		Release|x86 = Release|x86
	EndGlobalSection
	GlobalSection(ProjectConfigurationPlatforms) = postSolution
		{AF689BD8-54A6-4D7C-86F0-6549244F8293}.Debug|x64.ActiveCfg = Debug|x64
		{AF689BD8-54A6-4D7C-86F0-6549244F8293}.Debug|x64.Build.0 = Debug|x64
		{AF689BD8-54A6-4D7C-86F0-6549244F8293}.Debug|x86.ActiveCfg = Debug|Win32
		{AF689BD8-54A6-4D7C-86F0-6549244F8293}.Debug|x86.Build.0 = Debug|Win32
		{AF689BD8-54A6-4D7C-86F0-6549244F8293}.Release|x64.ActiveCfg = Release|x64
		{AF689BD8-54A6-4D7C-86F0-6549244F8293}.Release|x64.Build.0 = Release|x64
		{AF689BD8-54A6-4D7C-86F0-6549244F8293}.Release|x86.ActiveCfg = Release|Win32
		{AF689BD8-54A6-4D7C-86F0-6549244F8293}.Release|x86.Build.0 = Release|Win32
	EndGlobalSection
	GlobalSection(SolutionProperties) = preSolution
		HideSolutionNode = FALSE
	EndGlobalSection
	GlobalSection(ExtensibilityGlobals) = postSolution
		SolutionGuid = {BFF62C77-A810-44AD-93E2-1D708BB2D629}
	EndGlobalSection
EndGlobal
